# THIS IS AN AUTOGENERATED FILE. DO NOT EDIT THIS FILE DIRECTLY.
# yarn lockfile v1


bluebird@latest:
  version "3.5.1"
  resolved "https://registry.yarnpkg.com/bluebird/-/bluebird-3.5.1.tgz#d9551f9de98f1fcda1e683d17ee91a0602ee2eb9"

email-permutator@^1.0.1:
  version "1.0.1"
  resolved "https://registry.yarnpkg.com/email-permutator/-/email-permutator-1.0.1.tgz#b9d443d9f591b4de156574eb578eb9c433689ec8"

email-validator@1.0.1:
  version "1.0.1"
  resolved "https://registry.yarnpkg.com/email-validator/-/email-validator-1.0.1.tgz#5c96e4cac1326c73af03e043958e27688ee79f00"

email-verify@^0.1.1:
  version "0.1.1"
  resolved "https://registry.yarnpkg.com/email-verify/-/email-verify-0.1.1.tgz#2ac2c2f4baf1fdf4e21b39fe47f31791c5e6e298"
  dependencies:
    bluebird latest
    email-validator "1.0.1"
